digest = 0x9DC26F41D3150D15

# Ontology Lock File
# This file is generated by xtask. Do not edit manually.

count = 12
kind.Bytespace schema.Bytespace@1 0xBDFCE06BB86A2CFF
kind.DisplayDevice schema.DisplayDevice@1 0x9A57E89E659D49AB
kind.Framebuffer schema.Framebuffer@1 0x2BD6128606BA3300
kind.MonotonicClock schema.MonotonicClock@1 0xFB520DC25492C05
kind.MouseStream schema.MouseStream@1 0x38E3155E669F1A50
kind.Place schema.Place@1 0xBE52087A23A917F0
kind.PointerState schema.PointerState@1 0x2B4B16B6345331BD
kind.Relationship schema.Relationship@1 0x37391EE2FEA08FE9
kind.Surface schema.Surface@1 0x55E5957BEA5E14D8
kind.SystemClock schema.SystemClock@1 0x5B3976096331339E
kind.TimeOffset schema.TimeOffset@1 0x32CF808760BD0A51
kind.Window schema.Window@1 0x939AA0A705967517
