digest = 0xFD13996DAC7D32DE

# Ontology Lock File
# This file is generated by xtask. Do not edit manually.

count = 7
kind.Bytespace schema.Bytespace@1 0xBDFCE06BB86A2CFF
kind.MonotonicClock schema.MonotonicClock@1 0xFB520DC25492C05
kind.Place schema.Place@1 0xBE52087A23A917F0
kind.Relationship schema.Relationship@1 0x37391EE2FEA08FE9
kind.Surface schema.Surface@1 0x55E5957BEA5E14D8
kind.SystemClock schema.SystemClock@1 0x5B3976096331339E
kind.TimeOffset schema.TimeOffset@1 0x32CF808760BD0A51
