# This file is automatically @generated by Cargo.
# It is not intended for manual editing.
version = 4

[[package]]
name = "abi"
version = "0.1.0"

[[package]]
name = "clock"
version = "0.1.0"
dependencies = [
 "standard",
 "stem",
]

[[package]]
name = "rtc_cmos"
version = "0.1.0"
dependencies = [
 "standard",
 "stem",
]

[[package]]
name = "sprout"
version = "0.1.0"
dependencies = [
 "standard",
 "stem",
]

[[package]]
name = "standard"
version = "0.1.0"
dependencies = [
 "abi",
 "stem",
]

[[package]]
name = "stem"
version = "0.1.0"
dependencies = [
 "abi",
]
